
Microsoft Visual Studio Solution File, Format Version 12.00
# Visual Studio Version 17
VisualStudioVersion = 17.14.36518.9 d17.14
MinimumVisualStudioVersion = 10.0.40219.1
Project("{FAE04EC0-301F-11D3-BF4B-00C04F79EFBC}") = "TPINT_GRUPO_2_PR3", "TPINT_GRUPO_2_PR3\TPINT_GRUPO_2_PR3.csproj", "{3C4431F5-0C9D-4A2D-A822-159BCA6E45A9}"
EndProject
Global
	GlobalSection(SolutionConfigurationPlatforms) = preSolution
		Debug|Any CPU = Debug|Any CPU
		Release|Any CPU = Release|Any CPU
	EndGlobalSection
	GlobalSection(ProjectConfigurationPlatforms) = postSolution
		{3C4431F5-0C9D-4A2D-A822-159BCA6E45A9}.Debug|Any CPU.ActiveCfg = Debug|Any CPU
		{3C4431F5-0C9D-4A2D-A822-159BCA6E45A9}.Debug|Any CPU.Build.0 = Debug|Any CPU
		{3C4431F5-0C9D-4A2D-A822-159BCA6E45A9}.Release|Any CPU.ActiveCfg = Release|Any CPU
		{3C4431F5-0C9D-4A2D-A822-159BCA6E45A9}.Release|Any CPU.Build.0 = Release|Any CPU
	EndGlobalSection
	GlobalSection(SolutionProperties) = preSolution
		HideSolutionNode = FALSE
	EndGlobalSection
	GlobalSection(ExtensibilityGlobals) = postSolution
		SolutionGuid = {5D81F62D-2BAB-4054-A89D-94E7E00ED8AA}
	EndGlobalSection
EndGlobal
